{
    "_meta": {
        "hash": {
            "sha256": "f07291ffe53fb098dc67c06e70613a69ddcd7a5b5cf9df2b7202b1aa0ef0278e"
        },
        "pipfile-spec": 6,
        "requires": {
            "python_version": "3.7"
        },
        "sources": [
            {
                "name": "pypi",
                "url": "https://pypi.org/simple",
                "verify_ssl": true
            }
        ]
    },
    "default": {
        "backcall": {
            "hashes": [
                "sha256:5cbdbf27be5e7cfadb448baf0aa95508f91f2bbc6c6437cd9cd06e2a4c215e1e",
                "sha256:fbbce6a29f263178a1f7915c1940bde0ec2b2a967566fe1c65c1dfb7422bd255"
            ],
            "version": "==0.2.0"
        },
        "beautifulsoup4": {
            "hashes": [
                "sha256:4c98143716ef1cb40bf7f39a8e3eec8f8b009509e74904ba3a7b315431577e35",
                "sha256:84729e322ad1d5b4d25f805bfa05b902dd96450f43842c4e99067d5e1369eb25",
                "sha256:fff47e031e34ec82bf17e00da8f592fe7de69aeea38be00523c04623c04fb666"
            ],
            "version": "==4.9.3"
        },
        "blis": {
            "hashes": [
                "sha256:168fd7bd763ebe529aa25a066d3a6b89f4c3f492f6297f881df6942741b95787",
                "sha256:4222bbc7b9c47bc3cf6f36f2241862c1512ca7ebac3828267a2e05ef6c47fc54",
                "sha256:445e4838b809e99677f5c0982fb9af320f0d91328fb28c8097e5f1173c4df9d6",
                "sha256:5b403deb2ad5515e1edb3c0867bccb5b974b461f24283d9219a3a761fd6dacc6",
                "sha256:5c1a2023f7d8431daa8d87d32f539bb23e1a009500c37f9eba0ac7b3f20f73eb",
                "sha256:5ecddc4c6daf80558154b091db0a9839bb15dbe65d2906a543a73b93fbce4f73",
                "sha256:6814991b3e3193db4f9b2417174c6f24b9c0197409d864fa7628583bd2df1f0f",
                "sha256:78a8e0ee72a42c3b2f5b9114500a781119995f76fa6c21d4b02c6fb9c21df2cc",
                "sha256:7daa615a97d4f28db0f332b710bfe1900b15d0c25841c6d727965e4fd91e09cf",
                "sha256:94890b2296f1449baa56aede46627ea7fc8de11c788f9c261ee38c2eb4a2cc7d",
                "sha256:9f9b829480c12fc834549306821e5c51cb28b216ca5f88c5b2cfedbeb9daf67d",
                "sha256:c2d8064217c326dd9a0dcbae294ffe8557263e2a00d76101ffa222b9c9d9c62d",
                "sha256:d717b5dea407aac89a646908e7d9849105abab9c88a539c120518c200f899f4e"
            ],
            "version": "==0.7.4"
        },
        "bs4": {
            "hashes": [
                "sha256:36ecea1fd7cc5c0c6e4a1ff075df26d50da647b75376626cc186e2212886dd3a"
            ],
            "index": "pypi",
            "version": "==0.0.1"
        },
        "cachetools": {
            "hashes": [
                "sha256:2cc0b89715337ab6dbba85b5b50effe2b0c74e035d83ee8ed637cf52f12ae001",
                "sha256:61b5ed1e22a0924aed1d23b478f37e8d52549ff8a961de2909c69bf950020cff"
            ],
            "version": "==4.2.2"
        },
        "catalogue": {
            "hashes": [
                "sha256:62572ad1a641face0eb1436921ee4e03169162879bdc25ab8d535219b5f65b48",
                "sha256:9ed345d12855af315f1715583612b26b8621a2b0a2e3bef974dc5d712f7983aa"
            ],
            "version": "==2.0.4"
        },
        "certifi": {
            "hashes": [
                "sha256:1a4995114262bffbc2413b159f2a1a480c969de6e6eb13ee966d470af86af59c",
                "sha256:719a74fb9e33b9bd44cc7f3a8d94bc35e4049deebe19ba7d8e108280cfd59830"
            ],
            "version": "==2020.12.5"
        },
        "chardet": {
            "hashes": [
                "sha256:0d6f53a15db4120f2b08c94f11e7d93d2c911ee118b6b30a04ec3ee8310179fa",
                "sha256:f864054d66fd9118f2e67044ac8981a54775ec5b67aed0441892edb553d21da5"
            ],
            "version": "==4.0.0"
        },
        "click": {
            "hashes": [
                "sha256:d2b5255c7c6349bc1bd1e59e08cd12acbbd63ce649f2588755783aa94dfb6b1a",
                "sha256:dacca89f4bfadd5de3d7489b7c8a566eee0d3676333fbb50030263894c38c0dc"
            ],
            "version": "==7.1.2"
        },
        "cymem": {
            "hashes": [
                "sha256:01d3ea159f7a3f3192b1e800ed8207dac7586794d903a153198b9ea317f144bc",
                "sha256:190e15d9cf2c3bde60ae37bddbae6568a36044dc4a326d84081a5fa08818eee0",
                "sha256:1f0eb9b3d03623dcfc746cf8bff0663b0e347f4aea759965c8932087a0307ee9",
                "sha256:3d48902d7441645835fefc7832df49feb5362c7300d182475b63a01d25ae44ef",
                "sha256:4bd023c2477198b39b660c2a6b0242880649765ecee8461688a57fd4afd2bfc0",
                "sha256:734d82d0d03c2ceb929bc1744c04dbe0a105e68a4947c8406056a36f86c41830",
                "sha256:8ea57e6923f40eb51012352161bb5707c14a5a5ce901ff72021e59df06221655",
                "sha256:9d72d69f7a62a280199c3aa7bc550685c47d6d0689b2d299e6492253b86d2437",
                "sha256:a440d63577fcdc9c528c9cc026b7b4f8648193bac462bc0596c9eac10f9fba62",
                "sha256:ce1e81c1d031f56b67bac2136e73b4512cbc794706cd570178972d54ba6115d8",
                "sha256:d19f68b90411e02ab33b1654118337f96f41c13a3cd00c4f44f7abed2bc712e7",
                "sha256:d307f7f6230d861a938837cae4b855226b6845a21c010242a15e9ce6853856cd",
                "sha256:f2167c9959fcd639b95d51fa5efaa7c61eef8d686cb75a25412a914f428ce980"
            ],
            "version": "==2.0.5"
        },
        "cytoolz": {
            "hashes": [
                "sha256:c64f3590c3eb40e1548f0d3c6b2ccde70493d0b8dc6cc7f9f3fec0bb3dcd4222"
            ],
            "version": "==0.11.0"
        },
        "decorator": {
            "hashes": [
                "sha256:41fa54c2a0cc4ba648be4fd43cff00aedf5b9465c9bf18d64325bc225f08f760",
                "sha256:e3a62f0520172440ca0dcc823749319382e377f37f140a0b99ef45fecb84bfe7"
            ],
            "version": "==4.4.2"
        },
        "html5lib": {
            "hashes": [
                "sha256:20b159aa3badc9d5ee8f5c647e5efd02ed2a66ab8d354930bd9ff139fc1dc0a3",
                "sha256:66cb0dcfdbbc4f9c3ba1a63fdb511ffdbd4f513b2b6d81b80cd26ce6b3fb3736"
            ],
            "index": "pypi",
            "version": "==1.0.1"
        },
        "idna": {
            "hashes": [
                "sha256:b307872f855b18632ce0c21c5e45be78c0ea7ae4c15c828c20788b26921eb3f6",
                "sha256:b97d804b1e9b523befed77c48dacec60e6dcb0b5391d57af6a65a312a90648c0"
            ],
            "version": "==2.10"
        },
        "ipykernel": {
            "hashes": [
                "sha256:346189536b88859937b5f4848a6fd85d1ad0729f01724a411de5cae9b618819c",
                "sha256:f0e962052718068ad3b1d8bcc703794660858f58803c3798628817f492a8769c"
            ],
            "index": "pypi",
            "version": "==5.1.1"
        },
        "ipython": {
            "hashes": [
                "sha256:9c900332d4c5a6de534b4befeeb7de44ad0cc42e8327fa41b7685abde58cec74",
                "sha256:c0ce02dfaa5f854809ab7413c601c4543846d9da81010258ecdab299b542d199"
            ],
            "version": "==7.22.0"
        },
        "ipython-genutils": {
            "hashes": [
                "sha256:72dd37233799e619666c9f639a9da83c34013a73e8bbc79a7a6348d93c61fab8",
                "sha256:eb2e116e75ecef9d4d228fdc66af54269afa26ab4463042e33785b887c628ba8"
            ],
            "version": "==0.2.0"
        },
        "jedi": {
            "hashes": [
                "sha256:18456d83f65f400ab0c2d3319e48520420ef43b23a086fdc05dff34132f0fb93",
                "sha256:92550a404bad8afed881a137ec9a461fed49eca661414be45059329614ed0707"
            ],
            "version": "==0.18.0"
        },
        "jinja2": {
            "hashes": [
                "sha256:03e47ad063331dd6a3f04a43eddca8a966a26ba0c5b7207a9a9e4e08f1b29419",
                "sha256:a6d58433de0ae800347cab1fa3043cebbabe8baa9d29e668f1c768cb87a333c6"
            ],
            "version": "==2.11.3"
        },
        "joblib": {
            "hashes": [
                "sha256:9c17567692206d2f3fb9ecf5e991084254fe631665c450b443761c4186a613f7",
                "sha256:feeb1ec69c4d45129954f1b7034954241eedfd6ba39b5e9e4b6883be3332d5e5"
            ],
            "version": "==1.0.1"
        },
        "jupyter-client": {
            "hashes": [
                "sha256:9715152067e3f7ea3b56f341c9a0f9715c8c7cc316ee0eb13c3c84f5ca0065f5",
                "sha256:e2ab61d79fbf8b56734a4c2499f19830fbd7f6fefb3e87868ef0545cb3c17eb9"
            ],
            "version": "==6.2.0"
        },
        "jupyter-core": {
            "hashes": [
                "sha256:79025cb3225efcd36847d0840f3fc672c0abd7afd0de83ba8a1d3837619122b4",
                "sha256:8c6c0cac5c1b563622ad49321d5ec47017bd18b94facb381c6973a0486395f8e"
            ],
            "version": "==4.7.1"
        },
        "markupsafe": {
            "hashes": [
                "sha256:00bc623926325b26bb9605ae9eae8a215691f33cae5df11ca5424f06f2d1f473",
                "sha256:09027a7803a62ca78792ad89403b1b7a73a01c8cb65909cd876f7fcebd79b161",
                "sha256:09c4b7f37d6c648cb13f9230d847adf22f8171b1ccc4d5682398e77f40309235",
                "sha256:1027c282dad077d0bae18be6794e6b6b8c91d58ed8a8d89a89d59693b9131db5",
                "sha256:13d3144e1e340870b25e7b10b98d779608c02016d5184cfb9927a9f10c689f42",
                "sha256:195d7d2c4fbb0ee8139a6cf67194f3973a6b3042d742ebe0a9ed36d8b6f0c07f",
                "sha256:22c178a091fc6630d0d045bdb5992d2dfe14e3259760e713c490da5323866c39",
                "sha256:24982cc2533820871eba85ba648cd53d8623687ff11cbb805be4ff7b4c971aff",
                "sha256:29872e92839765e546828bb7754a68c418d927cd064fd4708fab9fe9c8bb116b",
                "sha256:2beec1e0de6924ea551859edb9e7679da6e4870d32cb766240ce17e0a0ba2014",
                "sha256:3b8a6499709d29c2e2399569d96719a1b21dcd94410a586a18526b143ec8470f",
                "sha256:43a55c2930bbc139570ac2452adf3d70cdbb3cfe5912c71cdce1c2c6bbd9c5d1",
                "sha256:46c99d2de99945ec5cb54f23c8cd5689f6d7177305ebff350a58ce5f8de1669e",
                "sha256:500d4957e52ddc3351cabf489e79c91c17f6e0899158447047588650b5e69183",
                "sha256:535f6fc4d397c1563d08b88e485c3496cf5784e927af890fb3c3aac7f933ec66",
                "sha256:596510de112c685489095da617b5bcbbac7dd6384aeebeda4df6025d0256a81b",
                "sha256:62fe6c95e3ec8a7fad637b7f3d372c15ec1caa01ab47926cfdf7a75b40e0eac1",
                "sha256:6788b695d50a51edb699cb55e35487e430fa21f1ed838122d722e0ff0ac5ba15",
                "sha256:6dd73240d2af64df90aa7c4e7481e23825ea70af4b4922f8ede5b9e35f78a3b1",
                "sha256:6f1e273a344928347c1290119b493a1f0303c52f5a5eae5f16d74f48c15d4a85",
                "sha256:6fffc775d90dcc9aed1b89219549b329a9250d918fd0b8fa8d93d154918422e1",
                "sha256:717ba8fe3ae9cc0006d7c451f0bb265ee07739daf76355d06366154ee68d221e",
                "sha256:79855e1c5b8da654cf486b830bd42c06e8780cea587384cf6545b7d9ac013a0b",
                "sha256:7c1699dfe0cf8ff607dbdcc1e9b9af1755371f92a68f706051cc8c37d447c905",
                "sha256:7fed13866cf14bba33e7176717346713881f56d9d2bcebab207f7a036f41b850",
                "sha256:84dee80c15f1b560d55bcfe6d47b27d070b4681c699c572af2e3c7cc90a3b8e0",
                "sha256:88e5fcfb52ee7b911e8bb6d6aa2fd21fbecc674eadd44118a9cc3863f938e735",
                "sha256:8defac2f2ccd6805ebf65f5eeb132adcf2ab57aa11fdf4c0dd5169a004710e7d",
                "sha256:98bae9582248d6cf62321dcb52aaf5d9adf0bad3b40582925ef7c7f0ed85fceb",
                "sha256:98c7086708b163d425c67c7a91bad6e466bb99d797aa64f965e9d25c12111a5e",
                "sha256:9add70b36c5666a2ed02b43b335fe19002ee5235efd4b8a89bfcf9005bebac0d",
                "sha256:9bf40443012702a1d2070043cb6291650a0841ece432556f784f004937f0f32c",
                "sha256:a6a744282b7718a2a62d2ed9d993cad6f5f585605ad352c11de459f4108df0a1",
                "sha256:acf08ac40292838b3cbbb06cfe9b2cb9ec78fce8baca31ddb87aaac2e2dc3bc2",
                "sha256:ade5e387d2ad0d7ebf59146cc00c8044acbd863725f887353a10df825fc8ae21",
                "sha256:b00c1de48212e4cc9603895652c5c410df699856a2853135b3967591e4beebc2",
                "sha256:b1282f8c00509d99fef04d8ba936b156d419be841854fe901d8ae224c59f0be5",
                "sha256:b1dba4527182c95a0db8b6060cc98ac49b9e2f5e64320e2b56e47cb2831978c7",
                "sha256:b2051432115498d3562c084a49bba65d97cf251f5a331c64a12ee7e04dacc51b",
                "sha256:b7d644ddb4dbd407d31ffb699f1d140bc35478da613b441c582aeb7c43838dd8",
                "sha256:ba59edeaa2fc6114428f1637ffff42da1e311e29382d81b339c1817d37ec93c6",
                "sha256:bf5aa3cbcfdf57fa2ee9cd1822c862ef23037f5c832ad09cfea57fa846dec193",
                "sha256:c8716a48d94b06bb3b2524c2b77e055fb313aeb4ea620c8dd03a105574ba704f",
                "sha256:caabedc8323f1e93231b52fc32bdcde6db817623d33e100708d9a68e1f53b26b",
                "sha256:cd5df75523866410809ca100dc9681e301e3c27567cf498077e8551b6d20e42f",
                "sha256:cdb132fc825c38e1aeec2c8aa9338310d29d337bebbd7baa06889d09a60a1fa2",
                "sha256:d53bc011414228441014aa71dbec320c66468c1030aae3a6e29778a3382d96e5",
                "sha256:d73a845f227b0bfe8a7455ee623525ee656a9e2e749e4742706d80a6065d5e2c",
                "sha256:d9be0ba6c527163cbed5e0857c451fcd092ce83947944d6c14bc95441203f032",
                "sha256:e249096428b3ae81b08327a63a485ad0878de3fb939049038579ac0ef61e17e7",
                "sha256:e8313f01ba26fbbe36c7be1966a7b7424942f670f38e666995b88d012765b9be",
                "sha256:feb7b34d6325451ef96bc0e36e1a6c0c1c64bc1fbec4b854f4529e51887b1621"
            ],
            "version": "==1.1.1"
        },
        "mistune": {
            "hashes": [
                "sha256:59a3429db53c50b5c6bcc8a07f8848cb00d7dc8bdb431a4ab41920d201d4756e",
                "sha256:88a1051873018da288eee8538d476dffe1262495144b33ecb586c4ab266bb8d4"
            ],
            "index": "pypi",
            "version": "==0.8.4"
        },
        "murmurhash": {
            "hashes": [
                "sha256:023391cfefe584ac544c1ea0936976c0119b17dd27bb8280652cef1704f76428",
                "sha256:23c56182822a1ed88e2a098ac56958dfec380696a9a943df203b9b41e4bcf5e4",
                "sha256:76251513a2acad6c2e4b7aeffc5fcb807ee97a66cad5c2990557556555a6b7e9",
                "sha256:81474a45c4074637a6dfc8fea4cdebf091ab5aa781c2cfcb94c43b16030badd7",
                "sha256:8381172e03c5f6f947005fb146a53c5e5a9e0d630be4a40cbf8838e9324bfe1c",
                "sha256:892749023da26420d194f37bfa30df1368aaac0149cfa3b2105db36b66549e37",
                "sha256:98ec9d727bd998a35385abd56b062cf0cca216725ea7ec5068604ab566f7e97f",
                "sha256:99e55488476a5f70e8d305fd31258f140e52f724f788bcc50c31ec846a2b3766",
                "sha256:a9bd2312996e6e47605af305a1e5f091eba1bdd637cdd9986aec4885cb4c5530",
                "sha256:add366944eb8ec73013a4f36e166c5a4f0f7628ffe1746bc5fe031347489e5e8",
                "sha256:b9292c532538cf47846ca81056cfeab08b877c35fe7521d6524aa92ddcd833e2",
                "sha256:d4c3a0242014cf4c84e9ea0ba3f13b48f02a3992de3da7b1116d11b816451195",
                "sha256:d58315961dc5a5e740f41f2ac5c3a0ebc61ef472f8afeb4db7eeb3b863243105",
                "sha256:ef8819d15973e0d6f69688bafc097a1fae081675c1de39807028869a1320b1a9",
                "sha256:f00321998f0a6bad3fd068babf448a296d4b0b1f4dd424cab863ebe5ed54182f",
                "sha256:fd17973fd4554715efd8d86b3e9200358e49e437fdb92a897ca127aced48b61c",
                "sha256:fed7578fbaa6c301f27ed80834c1f7494ea7d335e269e98b9aee477cf0b3b487"
            ],
            "version": "==1.0.5"
        },
        "nest-asyncio": {
            "hashes": [
                "sha256:76d6e972265063fe92a90b9cc4fb82616e07d586b346ed9d2c89a4187acea39c",
                "sha256:afc5a1c515210a23c461932765691ad39e8eba6551c055ac8d5546e69250d0aa"
            ],
            "version": "==1.5.1"
        },
        "networkx": {
            "hashes": [
                "sha256:0635858ed7e989f4c574c2328380b452df892ae85084144c73d8cd819f0c4e06",
                "sha256:109cd585cac41297f71103c3c42ac6ef7379f29788eb54cb751be5a663bb235a"
            ],
            "version": "==2.5.1"
        },
        "numpy": {
            "hashes": [
                "sha256:2428b109306075d89d21135bdd6b785f132a1f5a3260c371cee1fae427e12727",
                "sha256:377751954da04d4a6950191b20539066b4e19e3b559d4695399c5e8e3e683bf6",
                "sha256:4703b9e937df83f5b6b7447ca5912b5f5f297aba45f91dbbbc63ff9278c7aa98",
                "sha256:471c0571d0895c68da309dacee4e95a0811d0a9f9f532a48dc1bea5f3b7ad2b7",
                "sha256:61d5b4cf73622e4d0c6b83408a16631b670fc045afd6540679aa35591a17fe6d",
                "sha256:6c915ee7dba1071554e70a3664a839fbc033e1d6528199d4621eeaaa5487ccd2",
                "sha256:6e51e417d9ae2e7848314994e6fc3832c9d426abce9328cf7571eefceb43e6c9",
                "sha256:719656636c48be22c23641859ff2419b27b6bdf844b36a2447cb39caceb00935",
                "sha256:780ae5284cb770ade51d4b4a7dce4faa554eb1d88a56d0e8b9f35fca9b0270ff",
                "sha256:878922bf5ad7550aa044aa9301d417e2d3ae50f0f577de92051d739ac6096cee",
                "sha256:924dc3f83de20437de95a73516f36e09918e9c9c18d5eac520062c49191025fb",
                "sha256:97ce8b8ace7d3b9288d88177e66ee75480fb79b9cf745e91ecfe65d91a856042",
                "sha256:9c0fab855ae790ca74b27e55240fe4f2a36a364a3f1ebcfd1fb5ac4088f1cec3",
                "sha256:9cab23439eb1ebfed1aaec9cd42b7dc50fc96d5cd3147da348d9161f0501ada5",
                "sha256:a8e6859913ec8eeef3dbe9aed3bf475347642d1cdd6217c30f28dee8903528e6",
                "sha256:aa046527c04688af680217fffac61eec2350ef3f3d7320c07fd33f5c6e7b4d5f",
                "sha256:abc81829c4039e7e4c30f7897938fa5d4916a09c2c7eb9b244b7a35ddc9656f4",
                "sha256:bad70051de2c50b1a6259a6df1daaafe8c480ca98132da98976d8591c412e737",
                "sha256:c73a7975d77f15f7f68dacfb2bca3d3f479f158313642e8ea9058eea06637931",
                "sha256:d15007f857d6995db15195217afdbddfcd203dfaa0ba6878a2f580eaf810ecd6",
                "sha256:d76061ae5cab49b83a8cf3feacefc2053fac672728802ac137dd8c4123397677",
                "sha256:e8e4fbbb7e7634f263c5b0150a629342cc19b47c5eba8d1cd4363ab3455ab576",
                "sha256:e9459f40244bb02b2f14f6af0cd0732791d72232bbb0dc4bab57ef88e75f6935",
                "sha256:edb1f041a9146dcf02cd7df7187db46ab524b9af2515f392f337c7cbbf5b52cd"
            ],
            "version": "==1.20.2"
        },
        "packaging": {
            "hashes": [
                "sha256:5b327ac1320dc863dca72f4514ecc086f31186744b84a230374cc1fd776feae5",
                "sha256:67714da7f7bc052e064859c05c595155bd1ee9f69f76557e21f051443c20947a"
            ],
            "version": "==20.9"
        },
        "parso": {
            "hashes": [
                "sha256:12b83492c6239ce32ff5eed6d3639d6a536170723c6f3f1506869f1ace413398",
                "sha256:a8c4922db71e4fdb90e0d0bc6e50f9b273d3397925e5e60a717e719201778d22"
            ],
            "version": "==0.8.2"
        },
        "pathy": {
            "hashes": [
                "sha256:01b4ad93f781a9e197d6d6460cf072b8f8a49332fefb3f8af020d2fc1251a982",
                "sha256:9dbf26cbfe6b91ceed86e1e75d91ded4783c8feb0b06563225c2c75abaca6793"
            ],
            "version": "==0.5.2"
        },
        "pexpect": {
            "hashes": [
                "sha256:0b48a55dcb3c05f3329815901ea4fc1537514d6ba867a152b581d69ae3710937",
                "sha256:fc65a43959d153d0114afe13997d439c22823a27cefceb5ff35c2178c6784c0c"
            ],
            "markers": "sys_platform != 'win32'",
            "version": "==4.8.0"
        },
        "pickleshare": {
            "hashes": [
                "sha256:87683d47965c1da65cdacaf31c8441d12b8044cdec9aca500cd78fc2c683afca",
                "sha256:9649af414d74d4df115d5d718f82acb59c9d418196b7b4290ed47a12ce62df56"
            ],
            "version": "==0.7.5"
        },
        "preshed": {
            "hashes": [
                "sha256:12cbe1e378b4f1c6b06f5e4130408befe916e55ea1616e6aa63c5cd0ccd9c927",
                "sha256:1bdededa7fd81f26a42bc9d11d542657c74746b7ea7fc2b2ca6d0ddbf1f93792",
                "sha256:1ce0846cb7ebb2ea913d44ec2e296098c285443ecdea80ddf02656bbef4deacb",
                "sha256:30f0c8ea85113d0565a1e3eb6222d00513ec39b56f3f9a2615e304575e65422e",
                "sha256:56b9603517bb2a364418163236d6a147a1d722ff7546cbe085e76e25ae118e89",
                "sha256:572899224578d30f6a67fadecb3d62b824866b4d2b6bad73f71abf7585db1389",
                "sha256:5e06a49477bd257eea02bf823b5d3e201d00a19d6976523a58da8606b2358481",
                "sha256:67c11e384ce4c008bc487ba3a29bafdfe038b9a2546ccfe0fe2160480b356fed",
                "sha256:6e833f1632a1d0232bdc6df6c3542fb130ef044d8656b24576d9fd19e5f1e0d1",
                "sha256:6f126bcc414a0304b54956f9dac2628a0f9bef1657d1b3a3837fc82b791aa2a1",
                "sha256:85074eebf90a858a6b68242f1ae265ca99e1af45bf9dafcb9a83d49b0815a2e1",
                "sha256:8a3adffde3126c2a0ab7d57cab1d605cb5f63da1ba88088ad3cf8debfd9aa4dc",
                "sha256:8a560850b8c53c1487ba51c2b0f5769535512b36d3b129ad5796b64653abe2f9",
                "sha256:9ebf444f8487782c84d7b5acb1d7195e603155882fafc4697344199eeeafbe5f",
                "sha256:c6d3dba39ed5059aaf99767017b9568c75b2d0780c3481e204b1daecde00360e",
                "sha256:ca4a7681b643b8356e7dfdab9cf668b2b34bd07ef4b09ebed44c8aeb3b1626ee",
                "sha256:fb4d2e82add82d63b2c97802b759a58ff200d06b632e2edc48a9ced1e6472faf"
            ],
            "version": "==3.0.5"
        },
        "prompt-toolkit": {
            "hashes": [
                "sha256:bf00f22079f5fadc949f42ae8ff7f05702826a97059ffcc6281036ad40ac6f04",
                "sha256:e1b4f11b9336a28fa11810bc623c357420f69dfdb6d2dac41ca2c21a55c033bc"
            ],
            "version": "==3.0.18"
        },
        "ptyprocess": {
            "hashes": [
                "sha256:4b41f3967fce3af57cc7e94b888626c18bf37a083e3651ca8feeb66d492fef35",
                "sha256:5c5d0a3b48ceee0b48485e0c26037c0acd7d29765ca3fbb5cb3831d347423220"
            ],
            "version": "==0.7.0"
        },
        "pydantic": {
            "hashes": [
                "sha256:025bf13ce27990acc059d0c5be46f416fc9b293f45363b3d19855165fee1874f",
                "sha256:185e18134bec5ef43351149fe34fda4758e53d05bb8ea4d5928f0720997b79ef",
                "sha256:213125b7e9e64713d16d988d10997dabc6a1f73f3991e1ff8e35ebb1409c7dc9",
                "sha256:24ca47365be2a5a3cc3f4a26dcc755bcdc9f0036f55dcedbd55663662ba145ec",
                "sha256:38be427ea01a78206bcaf9a56f835784afcba9e5b88fbdce33bbbfbcd7841229",
                "sha256:475f2fa134cf272d6631072554f845d0630907fce053926ff634cc6bc45bf1af",
                "sha256:514b473d264671a5c672dfb28bdfe1bf1afd390f6b206aa2ec9fed7fc592c48e",
                "sha256:59e45f3b694b05a69032a0d603c32d453a23f0de80844fb14d55ab0c6c78ff2f",
                "sha256:5b24e8a572e4b4c18f614004dda8c9f2c07328cb5b6e314d6e1bbd536cb1a6c1",
                "sha256:6e3874aa7e8babd37b40c4504e3a94cc2023696ced5a0500949f3347664ff8e2",
                "sha256:8d72e814c7821125b16f1553124d12faba88e85405b0864328899aceaad7282b",
                "sha256:a4143c8d0c456a093387b96e0f5ee941a950992904d88bc816b4f0e72c9a0009",
                "sha256:b2b054d095b6431cdda2f852a6d2f0fdec77686b305c57961b4c5dd6d863bf3c",
                "sha256:c59ea046aea25be14dc22d69c97bee629e6d48d2b2ecb724d7fe8806bf5f61cd",
                "sha256:d1fe3f0df8ac0f3a9792666c69a7cd70530f329036426d06b4f899c025aca74e",
                "sha256:d8df4b9090b595511906fa48deda47af04e7d092318bfb291f4d45dfb6bb2127",
                "sha256:dba5c1f0a3aeea5083e75db9660935da90216f8a81b6d68e67f54e135ed5eb23",
                "sha256:e682f6442ebe4e50cb5e1cfde7dda6766fb586631c3e5569f6aa1951fd1a76ef",
                "sha256:ecb54491f98544c12c66ff3d15e701612fc388161fd455242447083350904730",
                "sha256:f5b06f5099e163295b8ff5b1b71132ecf5866cc6e7f586d78d7d3fd6e8084608",
                "sha256:f6864844b039805add62ebe8a8c676286340ba0c6d043ae5dea24114b82a319e",
                "sha256:ffd180ebd5dd2a9ac0da4e8b995c9c99e7c74c31f985ba090ee01d681b1c4b95"
            ],
            "version": "==1.7.3"
        },
        "pyemd": {
            "hashes": [
                "sha256:15750113757ace54a03d2efef7bbc2c5a4782cba30555e7fd401bcafcfa0ecb2",
                "sha256:fc81c2116f8573e559dfbb8d73e03d9f73c22d0770559f406516984302e07e70"
            ],
            "version": "==0.5.1"
        },
        "pygments": {
            "hashes": [
                "sha256:2656e1a6edcdabf4275f9a3640db59fd5de107d88e8663c5d4e9a0fa62f77f94",
                "sha256:534ef71d539ae97d4c3a4cf7d6f110f214b0e687e92f9cb9d2a3b0d3101289c8"
            ],
            "version": "==2.8.1"
        },
        "pyparsing": {
            "hashes": [
                "sha256:c203ec8783bf771a155b207279b9bccb8dea02d8f0c9e5f8ead507bc3246ecc1",
                "sha256:ef9d7589ef3c200abe66653d3f1ab1033c3c419ae9b9bdb1240a85b024efc88b"
            ],
            "version": "==2.4.7"
        },
        "pyphen": {
            "hashes": [
                "sha256:624b036eafe6f38fad3e79ee676ec711a8ce634feb9f34ac615bbaf73e662111",
                "sha256:719b21dfb4b04fbc11cc0f6112418535fe35474021120cccfffc43a25fe63128"
            ],
            "version": "==0.10.0"
        },
        "python-dateutil": {
            "hashes": [
                "sha256:73ebfe9dbf22e832286dafa60473e4cd239f8592f699aa5adaf10050e6e1823c",
                "sha256:75bb3f31ea686f1197762692a9ee6a7550b59fc6ca3a1f4b5d7e32fb98e2da2a"
            ],
            "version": "==2.8.1"
        },
        "python-levenshtein": {
            "hashes": [
                "sha256:dc2395fbd148a1ab31090dd113c366695934b9e85fe5a4b2a032745efd0346f6"
            ],
            "version": "==0.12.2"
        },
        "pyzmq": {
            "hashes": [
                "sha256:13465c1ff969cab328bc92f7015ce3843f6e35f8871ad79d236e4fbc85dbe4cb",
                "sha256:23a74de4b43c05c3044aeba0d1f3970def8f916151a712a3ac1e5cd9c0bc2902",
                "sha256:26380487eae4034d6c2a3fb8d0f2dff6dd0d9dd711894e8d25aa2d1938950a33",
                "sha256:279cc9b51db48bec2db146f38e336049ac5a59e5f12fb3a8ad864e238c1c62e3",
                "sha256:2f971431aaebe0a8b54ac018e041c2f0b949a43745444e4dadcc80d0f0ef8457",
                "sha256:30df70f81fe210506aa354d7fd486a39b87d9f7f24c3d3f4f698ec5d96b8c084",
                "sha256:33acd2b9790818b9d00526135acf12790649d8d34b2b04d64558b469c9d86820",
                "sha256:38e3dca75d81bec4f2defa14b0a65b74545812bb519a8e89c8df96bbf4639356",
                "sha256:3e29f9cf85a40d521d048b55c63f59d6c772ac1c4bf51cdfc23b62a62e377c33",
                "sha256:3ef50d74469b03725d781a2a03c57537d86847ccde587130fe35caafea8f75c6",
                "sha256:4231943514812dfb74f44eadcf85e8dd8cf302b4d0bce450ce1357cac88dbfdc",
                "sha256:4f34a173f813b38b83f058e267e30465ed64b22cd0cf6bad21148d3fa718f9bb",
                "sha256:532af3e6dddea62d9c49062ece5add998c9823c2419da943cf95589f56737de0",
                "sha256:581787c62eaa0e0db6c5413cedc393ebbadac6ddfd22e1cf9a60da23c4f1a4b2",
                "sha256:60e63577b85055e4cc43892fecd877b86695ee3ef12d5d10a3c5d6e77a7cc1a3",
                "sha256:61e4bb6cd60caf1abcd796c3f48395e22c5b486eeca6f3a8797975c57d94b03e",
                "sha256:6d4163704201fff0f3ab0cd5d7a0ea1514ecfffd3926d62ec7e740a04d2012c7",
                "sha256:7026f0353977431fc884abd4ac28268894bd1a780ba84bb266d470b0ec26d2ed",
                "sha256:763c175294d861869f18eb42901d500eda7d3fa4565f160b3b2fd2678ea0ebab",
                "sha256:81e7df0da456206201e226491aa1fc449da85328bf33bbeec2c03bb3a9f18324",
                "sha256:9221783dacb419604d5345d0e097bddef4459a9a95322de6c306bf1d9896559f",
                "sha256:a558c5bc89d56d7253187dccc4e81b5bb0eac5ae9511eb4951910a1245d04622",
                "sha256:b25e5d339550a850f7e919fe8cb4c8eabe4c917613db48dab3df19bfb9a28969",
                "sha256:b62ea18c0458a65ccd5be90f276f7a5a3f26a6dea0066d948ce2fa896051420f",
                "sha256:c0cde362075ee8f3d2b0353b283e203c2200243b5a15d5c5c03b78112a17e7d4",
                "sha256:c5e29fe4678f97ce429f076a2a049a3d0b2660ada8f2c621e5dc9939426056dd",
                "sha256:d18ddc6741b51f3985978f2fda57ddcdae359662d7a6b395bc8ff2292fca14bd",
                "sha256:da7d4d4c778c86b60949d17531e60c54ed3726878de8a7f8a6d6e7f8cc8c3205",
                "sha256:f52070871a0fd90a99130babf21f8af192304ec1e995bec2a9533efc21ea4452",
                "sha256:f5831eff6b125992ec65d973f5151c48003b6754030094723ac4c6e80a97c8c4",
                "sha256:f7f63ce127980d40f3e6a5fdb87abf17ce1a7c2bd8bf2c7560e1bbce8ab1f92d",
                "sha256:ff1ea14075bbddd6f29bf6beb8a46d0db779bcec6b9820909584081ec119f8fd"
            ],
            "version": "==22.0.3"
        },
        "regex": {
            "hashes": [
                "sha256:1c70ccb8bf4ded0cbe53092e9f56dcc9d6b0efcf6e80b6ef9b0ece8a557d6635",
                "sha256:2948310c01535ccb29bb600dd033b07b91f36e471953889b7f3a1e66b39d0c19",
                "sha256:2ab13db0411cb308aa590d33c909ea4efeced40188d8a4a7d3d5970657fe73bc",
                "sha256:38e6486c7e14683cd1b17a4218760f0ea4c015633cf1b06f7c190fb882a51ba7",
                "sha256:80dde4ff10b73b823da451687363cac93dd3549e059d2dc19b72a02d048ba5aa",
                "sha256:84daedefaa56320765e9c4d43912226d324ef3cc929f4d75fa95f8c579a08211",
                "sha256:b98e5876ca1e63b41c4aa38d7d5cc04a736415d4e240e9ae7ebc4f780083c7d5",
                "sha256:ca4f47131af28ef168ff7c80d4b4cad019cb4cabb5fa26143f43aa3dbd60389c",
                "sha256:cf7838110d3052d359da527372666429b9485ab739286aa1a11ed482f037a88c",
                "sha256:dd4e8924915fa748e128864352875d3d0be5f4597ab1b1d475988b8e3da10dd7",
                "sha256:f2c65530255e4010a5029eb11138f5ecd5aa70363f57a3444d83b3253b0891be"
            ],
            "index": "pypi",
            "version": "==2019.6.8"
        },
        "requests": {
            "hashes": [
                "sha256:27973dd4a904a4f13b263a19c866c13b92a39ed1c964655f025f3f8d3d75b804",
                "sha256:c210084e36a42ae6b9219e00e48287def368a26d03a048ddad7bfee44f75871e"
            ],
            "version": "==2.25.1"
        },
        "scikit-learn": {
            "hashes": [
                "sha256:03c721eaed97f4f6b92d1247c64639bb1feea0be968f708b56f9dfb836b9d9ca",
                "sha256:0863989d48ae51ba8803b1daeb936d44f260ee0174f67eee58d6d74280fe6e93",
                "sha256:25285960a093781b10d7d26484f8e3523b9d23676329862ba66a753bb0b2e632",
                "sha256:2c8b999c739f8af014a2f1fb0577b3a98ab20c375c37274bf3c1f6a3f06f56f7",
                "sha256:2d9b4b551569bcb87fb50bc77d5f3ca30e1856b0e987619c7a266d4372990ba6",
                "sha256:2fd692310890a6137dd8e550496bfb71ef37a2b8d1a89b87418ed25fe454dde4",
                "sha256:3323640ce4ade456f13c4fec97bdeb6a380e6f7005ec6709afb9e554a0b73b02",
                "sha256:3b95e4a693d1d1e91ebc22abcc4e3731f9bfd2be2308b071b19db46a7d0fa6f6",
                "sha256:43a521c6992adf28a78abdb2d18b77c481a7dd86f7bd1de8f3e02231a88904cc",
                "sha256:4de3f1e35c29dac3b1f8afaa6afe1b682dbb19159c5ee5d77f97fa5ceb1d020d",
                "sha256:546a2bf74c07634f65dc8e92ea50c124eb2adde10415cf25a43cf8c0a79671b7",
                "sha256:54e6b20c8392d2047470f504822e8141a726949f2c196c1711fef873650f301d",
                "sha256:59b382e02e132b5079d4520f2c9fec8147d1743f0f11bc6e21907906ef23fa29",
                "sha256:5ede3783e81af866c3d3efbf3d255a88aaebde7d8cb39e6d5c47f9ed5359172b",
                "sha256:73b3da63d35b922fdae378c582326e887d6bdf9282050ef3587d2f96c926bbcd",
                "sha256:7d0d17789ccf3fd13a6a605f78d586ec4a9b57f94e0e74ce829bc7e7bb796f78",
                "sha256:7dbb4c23f2911e81fe607c26f1a1277c6f2798192765a9472c33570f8a843b6b",
                "sha256:994e807f09c8517ad703e5685599ef195cc90e693e203894a66000dc89e1382f",
                "sha256:9afeffd7fba365eb8d0603b13d4ea76ee63cacded21556c65e98b4682c2b09bf",
                "sha256:b47d865ae832f0d1538f449b0a42cf37121bbcd514eb1d37c0ff0b70b0ac192c",
                "sha256:c42b27bd051af258cb46b7773e031aa52e49e1cc86b769895ca031c35b15a392",
                "sha256:d9019683ec2382e686ecca5377b7c99f059a9b3a7f6a0bf6afddb10aec82b016",
                "sha256:dfa8a3f33907614030cdfbc8b6f553dacbecaf09f922244f128af3060a137cfc",
                "sha256:e380c086e8cae1480365068e57469302a1ee8fae98eb02010c80ef2cb292f7a3",
                "sha256:ea42e28bc9f5a3110e77c773a55b3d2b7133ce05c6940cc28a3a554aebd6ab80",
                "sha256:ea5843a535da2458216ce87084ed51de6de7331e1b6891df9ea29a238a79bb02",
                "sha256:f04adc9ad6bc252b080b0b48cda769fa47ea7013e5640b0cb67d26f2f9a9fcff",
                "sha256:f9553369f246721813f8f6784a40cc39c84ca2c6230272c7c1ec24318aa0a2f9"
            ],
            "version": "==0.20.4"
        },
        "scipy": {
            "hashes": [
                "sha256:01b38dec7e9f897d4db04f8de4e20f0f5be3feac98468188a0f47a991b796055",
                "sha256:10dbcc7de03b8d635a1031cb18fd3eaa997969b64fdf78f99f19ac163a825445",
                "sha256:19aeac1ad3e57338723f4657ac8520f41714804568f2e30bd547d684d72c392e",
                "sha256:1b21c6e0dc97b1762590b70dee0daddb291271be0580384d39f02c480b78290a",
                "sha256:1caade0ede6967cc675e235c41451f9fb89ae34319ddf4740194094ab736b88d",
                "sha256:23995dfcf269ec3735e5a8c80cfceaf384369a47699df111a6246b83a55da582",
                "sha256:2a799714bf1f791fb2650d73222b248d18d53fd40d6af2df2c898db048189606",
                "sha256:3274ce145b5dc416c49c0cf8b6119f787f0965cd35e22058fe1932c09fe15d77",
                "sha256:33d1677d46111cfa1c84b87472a0274dde9ef4a7ef2e1f155f012f5f1e995d8f",
                "sha256:44d452850f77e65e25b1eb1ac01e25770323a782bfe3a1a3e43847ad4266d93d",
                "sha256:9e3302149a369697c6aaea18b430b216e3c88f9a61b62869f6104881e5f9ef85",
                "sha256:a75b014d3294fce26852a9d04ea27b5671d86736beb34acdfc05859246260707",
                "sha256:ad7269254de06743fb4768f658753de47d8b54e4672c5ebe8612a007a088bd48",
                "sha256:b30280fbc1fd8082ac822994a98632111810311a9ece71a0e48f739df3c555a2",
                "sha256:b79104878003487e2b4639a20b9092b02e1bad07fc4cf924b495cf413748a777",
                "sha256:d449d40e830366b4c612692ad19fbebb722b6b847f78a7b701b1e0d6cda3cc13",
                "sha256:d647757373985207af3343301d89fe738d5a294435a4f2aafb04c13b4388c896",
                "sha256:f68eb46b86b2c246af99fcaa6f6e37c7a7a413e1084a794990b877f2ff71f7b6",
                "sha256:fdf606341cd798530b05705c87779606fcdfaf768a8129c348ea94441da15b04"
            ],
            "version": "==1.6.3"
        },
        "six": {
            "hashes": [
                "sha256:30639c035cdb23534cd4aa2dd52c3bf48f06e5f4a941509c8bafd8ce11080259",
                "sha256:8b74bedcbbbaca38ff6d7491d76f2b06b3592611af620f8426e82dddb04a5ced"
            ],
            "version": "==1.15.0"
        },
        "smart-open": {
            "hashes": [
                "sha256:7f4e85b71df5a3618f5447d0b417b7a3576308c839690a24a70338b8993684c3"
            ],
            "version": "==3.0.0"
        },
        "soupsieve": {
            "hashes": [
                "sha256:052774848f448cf19c7e959adf5566904d525f33a3f8b6ba6f6f8f26ec7de0cc",
                "sha256:c2c1c2d44f158cdbddab7824a9af8c4f83c76b1e23e049479aa432feb6c4c23b"
            ],
            "markers": "python_version >= '3.0'",
            "version": "==2.2.1"
        },
        "spacy": {
            "hashes": [
                "sha256:0827b0a5f4a0ed30d20945c040a53fb167abb5182ee2e0bde11dbb78b238955e",
                "sha256:0d688674128a281fb5022a3ff736b635168b4489622731d013779662872bb18f",
                "sha256:1648f6da017c237e1b1a5cbb88ba74a3f2036a496a60009324a0b2951de4fc00",
                "sha256:1b76137ed28a0bd5935de5d56e421e197616403f8f5cc8ece4afea2e1543c22f",
                "sha256:5628ab89f1f568099c880b12a9c37f4ece29ab89260660cfdf728c02711879c5",
                "sha256:651c773c78a18c51665ba9ee407e4a055f8f8b67b282761011027b9172cc4b7f",
                "sha256:6ac13f2fd24403de00c6ba2222533c4dcf679d1aafa7d812803006922d49234e",
                "sha256:8bd6f2d21545f6e790de0c191d28c88eca301c563f46adef9865394dc7ed880f",
                "sha256:96fc271f0da340e89a7357747b475169ad455c727671b6a853f6b722d617dd3b",
                "sha256:9a35a27476534fcc40823140df578279b2b35f34892f5e81552ef59ed021f0a2",
                "sha256:ac0b01a6c00a2ddf63bac9d7db50424bf6ecea68036d9cf915432552c47f1660",
                "sha256:d29571e1170070cbfec676d52df785998ae92dbb965eb96099c4666824a740bf",
                "sha256:dad95d94b7c3263e364170d397e9a83c1ec2b64f6bc771e2511a662d537649b3"
            ],
            "version": "==3.0.6"
        },
        "spacy-legacy": {
            "hashes": [
                "sha256:532f78ae31659528fadb6453cdde9425a426227882c388297aafd7e7b41c2290",
                "sha256:6fc4022e6682d6abe93c8ed72be8791df1145822fab4348af859c5dcbb18591b"
            ],
            "version": "==3.0.5"
        },
        "srsly": {
            "hashes": [
                "sha256:129c85db752b5945c6398a1952294e03b7d20fa111eb7fd1083c4a6b1d02f7c7",
                "sha256:178aa6d350c9cfedb8adadb5e1f96b7aadde203d088917063415fcd689eb6e42",
                "sha256:20f11d5d6ae29e3cc97e93c862d7bf8b75023668daf1ac5892598c512302e5d3",
                "sha256:76b11e0ec0056bda4ad009b6e0db37f3ad0005a0501d587080023d4312ad2ada",
                "sha256:867d1154ff7b60043584fe048de9b6d9a7d5a7fc61437850922ae4bd46d3be16",
                "sha256:869fdcf664edf20cd374cf1add869d67960061276478025a5887e080d8f99e1c",
                "sha256:9625a584b26e522b6afb7c24be8783228ff44d7ac624e500020b0b888e09c6b6",
                "sha256:b0f2aec0a329e6e7e742a0a60e99a74968ca29be71f35c5c4de221e328176926",
                "sha256:b1bd4a55bafbb8cf86be15bf18aa2ba2c953161ad71ce7d2dae0c141201a7d89",
                "sha256:cefe06912f3944b5729d555ee110f434a0787843c6676b90f4987ff7a0a69500",
                "sha256:e896d516ca2e2e89cc01df8c9c8b1528701d6f49e9c814332582cc701af64a91",
                "sha256:f7c3374184bfb1aa852bcb8e45747b02f2dde0ebe62b4ddf4b0141affeab32e1",
                "sha256:ff36dc01df8890a239e5d15cffa3ae3b272c19e5ae279840f2d30085d361c20a"
            ],
            "version": "==2.4.1"
        },
        "textacy": {
            "hashes": [
                "sha256:78ab1052c1903296cae8173a029a0142f86f7ba05464d3691e03eaa86c16504a",
                "sha256:7d8214deed4c8c787e9285b327e6466a2f469b8f0876c7cd59ca19cc2f189ac8"
            ],
            "index": "pypi",
            "version": "==0.7.0"
        },
        "thinc": {
            "hashes": [
                "sha256:0a08043a664448a3768f68221ce2a60f331b730aa32d15372e07f3d90bf49765",
                "sha256:2e20d73a800afa5c9b7d41d589f086fc4c776dc9d7024f5ca9c67332bb50b6c8",
                "sha256:40db2225cd7994372b7748d2be542e206f85d82d950e54fc42dac460795af124",
                "sha256:72d04d1c0791ad067f9b215d7c0eccda9376079b8b7170a1d834f68b3a0b1cd5",
                "sha256:739b5e454d5670d228ad62721d0037b0e6cab53adc8b499dcaf6167213690d2a",
                "sha256:7c30ec3a30125bbffb877ab94792b14807fce1d94a15c8affc0ddfdb7e849ab0",
                "sha256:a625900fdb978e8834eabf68be099cdb487bf637c98c8fe8161a1b6e41def5b7",
                "sha256:aa5f64c45067a762d624dfeff5f6a9e7f2cb0d484fe5f0054b77deb7089a9cfb",
                "sha256:bd87496ceab914fb0fd646b7ef8542f4c379e76e9dc5271768d089acc7b70d54",
                "sha256:c370a7a46d01b588d8d5f99d8d5e36b3cbac4512638356fa430f7f52bb3a8897",
                "sha256:c842d9432018564f8289ac19fb71ed9311a13b9a002ef88f92373158329f45a4",
                "sha256:ddf994fac571e657091c78d4fa5b99c18950d683250226b8be72a212f16f8e0a",
                "sha256:e9a07b1f1ddca26b5594234cbe9015b055d95b2e10796c66182030282e2f485b"
            ],
            "version": "==8.0.3"
        },
        "timeout-decorator": {
            "hashes": [
                "sha256:1a5e276e75c1c5acbf3cdbd9b5e45d77e1f8626f93e39bd5115d68119171d3c6"
            ],
            "index": "pypi",
            "version": "==0.4.1"
        },
        "toolz": {
            "hashes": [
                "sha256:1bc473acbf1a1db4e72a1ce587be347450e8f08324908b8a266b486f408f04d5",
                "sha256:c7a47921f07822fe534fb1c01c9931ab335a4390c782bd28c6bcc7c2f71f3fbf"
            ],
            "version": "==0.11.1"
        },
        "tornado": {
            "hashes": [
                "sha256:0a00ff4561e2929a2c37ce706cb8233b7907e0cdc22eab98888aca5dd3775feb",
                "sha256:0d321a39c36e5f2c4ff12b4ed58d41390460f798422c4504e09eb5678e09998c",
                "sha256:1e8225a1070cd8eec59a996c43229fe8f95689cb16e552d130b9793cb570a288",
                "sha256:20241b3cb4f425e971cb0a8e4ffc9b0a861530ae3c52f2b0434e6c1b57e9fd95",
                "sha256:25ad220258349a12ae87ede08a7b04aca51237721f63b1808d39bdb4b2164558",
                "sha256:33892118b165401f291070100d6d09359ca74addda679b60390b09f8ef325ffe",
                "sha256:33c6e81d7bd55b468d2e793517c909b139960b6c790a60b7991b9b6b76fb9791",
                "sha256:3447475585bae2e77ecb832fc0300c3695516a47d46cefa0528181a34c5b9d3d",
                "sha256:34ca2dac9e4d7afb0bed4677512e36a52f09caa6fded70b4e3e1c89dbd92c326",
                "sha256:3e63498f680547ed24d2c71e6497f24bca791aca2fe116dbc2bd0ac7f191691b",
                "sha256:548430be2740e327b3fe0201abe471f314741efcb0067ec4f2d7dcfb4825f3e4",
                "sha256:6196a5c39286cc37c024cd78834fb9345e464525d8991c21e908cc046d1cc02c",
                "sha256:61b32d06ae8a036a6607805e6720ef00a3c98207038444ba7fd3d169cd998910",
                "sha256:6286efab1ed6e74b7028327365cf7346b1d777d63ab30e21a0f4d5b275fc17d5",
                "sha256:65d98939f1a2e74b58839f8c4dab3b6b3c1ce84972ae712be02845e65391ac7c",
                "sha256:66324e4e1beede9ac79e60f88de548da58b1f8ab4b2f1354d8375774f997e6c0",
                "sha256:6c77c9937962577a6a76917845d06af6ab9197702a42e1346d8ae2e76b5e3675",
                "sha256:70dec29e8ac485dbf57481baee40781c63e381bebea080991893cd297742b8fd",
                "sha256:7250a3fa399f08ec9cb3f7b1b987955d17e044f1ade821b32e5f435130250d7f",
                "sha256:748290bf9112b581c525e6e6d3820621ff020ed95af6f17fedef416b27ed564c",
                "sha256:7da13da6f985aab7f6f28debab00c67ff9cbacd588e8477034c0652ac141feea",
                "sha256:8f959b26f2634a091bb42241c3ed8d3cedb506e7c27b8dd5c7b9f745318ddbb6",
                "sha256:9de9e5188a782be6b1ce866e8a51bc76a0fbaa0e16613823fc38e4fc2556ad05",
                "sha256:a48900ecea1cbb71b8c71c620dee15b62f85f7c14189bdeee54966fbd9a0c5bd",
                "sha256:b87936fd2c317b6ee08a5741ea06b9d11a6074ef4cc42e031bc6403f82a32575",
                "sha256:c77da1263aa361938476f04c4b6c8916001b90b2c2fdd92d8d535e1af48fba5a",
                "sha256:cb5ec8eead331e3bb4ce8066cf06d2dfef1bfb1b2a73082dfe8a161301b76e37",
                "sha256:cc0ee35043162abbf717b7df924597ade8e5395e7b66d18270116f8745ceb795",
                "sha256:d14d30e7f46a0476efb0deb5b61343b1526f73ebb5ed84f23dc794bdb88f9d9f",
                "sha256:d371e811d6b156d82aa5f9a4e08b58debf97c302a35714f6f45e35139c332e32",
                "sha256:d3d20ea5782ba63ed13bc2b8c291a053c8d807a8fa927d941bd718468f7b950c",
                "sha256:d3f7594930c423fd9f5d1a76bee85a2c36fd8b4b16921cae7e965f22575e9c01",
                "sha256:dcef026f608f678c118779cd6591c8af6e9b4155c44e0d1bc0c87c036fb8c8c4",
                "sha256:e0791ac58d91ac58f694d8d2957884df8e4e2f6687cdf367ef7eb7497f79eaa2",
                "sha256:e385b637ac3acaae8022e7e47dfa7b83d3620e432e3ecb9a3f7f58f150e50921",
                "sha256:e519d64089b0876c7b467274468709dadf11e41d65f63bba207e04217f47c085",
                "sha256:e7229e60ac41a1202444497ddde70a48d33909e484f96eb0da9baf8dc68541df",
                "sha256:ed3ad863b1b40cd1d4bd21e7498329ccaece75db5a5bf58cd3c9f130843e7102",
                "sha256:f0ba29bafd8e7e22920567ce0d232c26d4d47c8b5cf4ed7b562b5db39fa199c5",
                "sha256:fa2ba70284fa42c2a5ecb35e322e68823288a4251f9ba9cc77be04ae15eada68",
                "sha256:fba85b6cd9c39be262fcd23865652920832b61583de2a2ca907dbd8e8a8c81e5"
            ],
            "version": "==6.1"
        },
        "tqdm": {
            "hashes": [
                "sha256:daec693491c52e9498632dfbe9ccfc4882a557f5fa08982db1b4d3adbe0887c3",
                "sha256:ebdebdb95e3477ceea267decfc0784859aa3df3e27e22d23b83e9b272bf157ae"
            ],
            "version": "==4.60.0"
        },
        "traitlets": {
            "hashes": [
                "sha256:178f4ce988f69189f7e523337a3e11d91c786ded9360174a3d9ca83e79bc5396",
                "sha256:69ff3f9d5351f31a7ad80443c2674b7099df13cc41fc5fa6e2f6d3b0330b0426"
            ],
            "version": "==5.0.5"
        },
        "typer": {
            "hashes": [
                "sha256:5455d750122cff96745b0dec87368f56d023725a7ebc9d2e54dd23dc86816303",
                "sha256:ba58b920ce851b12a2d790143009fa00ac1d05b3ff3257061ff69dbdfc3d161b"
            ],
            "version": "==0.3.2"
        },
        "typing-extensions": {
            "hashes": [
                "sha256:7cb407020f00f7bfc3cb3e7881628838e69d8f3fcab2f64742a5e76b2f841918",
                "sha256:99d4073b617d30288f569d3f13d2bd7548c3a7e4c8de87db09a9d29bb3a4a60c",
                "sha256:dafc7639cde7f1b6e1acc0f457842a83e722ccca8eef5270af2d74792619a89f"
            ],
            "markers": "python_version < '3.8'",
            "version": "==3.7.4.3"
        },
        "urllib3": {
            "hashes": [
                "sha256:2f3db8b19923a873b3e5256dc9c2dedfa883e33d87c690d9c7913e1f40673cdc",
                "sha256:87716c2d2a7121198ebcb7ce7cccf6ce5e9ba539041cfbaeecfb641dc0bf6acc"
            ],
            "index": "pypi",
            "version": "==1.25.8"
        },
        "wasabi": {
            "hashes": [
                "sha256:a493e09d86109ec6d9e70d040472f9facc44634d4ae6327182f94091ca73a490",
                "sha256:b4a36aaa9ca3a151f0c558f269d442afbb3526f0160fd541acd8a0d5e5712054"
            ],
            "version": "==0.8.2"
        },
        "wcwidth": {
            "hashes": [
                "sha256:beb4802a9cebb9144e99086eff703a642a13d6a0052920003a230f3294bbe784",
                "sha256:c4d647b99872929fdb7bdcaa4fbe7f01413ed3d98077df798530e5b04f116c83"
            ],
            "version": "==0.2.5"
        },
        "webencodings": {
            "hashes": [
                "sha256:a0af1213f3c2226497a97e2b3aa01a7e4bee4f403f95be16fc9acd2947514a78",
                "sha256:b36a1c245f2d304965eb4e0a82848379241dc04b865afcc4aab16748587e1923"
            ],
            "version": "==0.5.1"
        },
        "zipp": {
            "hashes": [
                "sha256:3607921face881ba3e026887d8150cca609d517579abe052ac81fc5aeffdbd76",
                "sha256:51cb66cc54621609dd593d1787f286ee42a5c0adbb4b29abea5a63edc3e03098"
            ],
            "markers": "python_version < '3.8'",
            "version": "==3.4.1"
        }
    },
    "develop": {}
}
